
Microsoft Visual Studio Solution File, Format Version 12.00
# Visual Studio 15
VisualStudioVersion = 15.0.27703.2035
MinimumVisualStudioVersion = 10.0.40219.1
Project("{FAE04EC0-301F-11D3-BF4B-00C04F79EFBC}") = "SimchaFund", "SimchaFund\SimchaFund.csproj", "{BAB4B0C2-BA84-4AD6-BB6F-A33B72C93471}"
EndProject
Project("{FAE04EC0-301F-11D3-BF4B-00C04F79EFBC}") = "SimchaFund.Data", "SimchaFund.Data\SimchaFund.Data.csproj", "{D23BF638-D324-4F3B-B836-A38DA53CDB08}"
EndProject
Global
	GlobalSection(SolutionConfigurationPlatforms) = preSolution
		Debug|Any CPU = Debug|Any CPU
		Release|Any CPU = Release|Any CPU
	EndGlobalSection
	GlobalSection(ProjectConfigurationPlatforms) = postSolution
		{BAB4B0C2-BA84-4AD6-BB6F-A33B72C93471}.Debug|Any CPU.ActiveCfg = Debug|Any CPU
		{BAB4B0C2-BA84-4AD6-BB6F-A33B72C93471}.Debug|Any CPU.Build.0 = Debug|Any CPU
		{BAB4B0C2-BA84-4AD6-BB6F-A33B72C93471}.Release|Any CPU.ActiveCfg = Release|Any CPU
		{BAB4B0C2-BA84-4AD6-BB6F-A33B72C93471}.Release|Any CPU.Build.0 = Release|Any CPU
		{D23BF638-D324-4F3B-B836-A38DA53CDB08}.Debug|Any CPU.ActiveCfg = Debug|Any CPU
		{D23BF638-D324-4F3B-B836-A38DA53CDB08}.Debug|Any CPU.Build.0 = Debug|Any CPU
		{D23BF638-D324-4F3B-B836-A38DA53CDB08}.Release|Any CPU.ActiveCfg = Release|Any CPU
		{D23BF638-D324-4F3B-B836-A38DA53CDB08}.Release|Any CPU.Build.0 = Release|Any CPU
	EndGlobalSection
	GlobalSection(SolutionProperties) = preSolution
		HideSolutionNode = FALSE
	EndGlobalSection
	GlobalSection(ExtensibilityGlobals) = postSolution
		SolutionGuid = {ACAEDE1C-D0B1-4F16-A7CD-BA6CD6EA8F2C}
	EndGlobalSection
EndGlobal
